
Microsoft Visual Studio Solution File, Format Version 12.00
# Visual Studio Version 17
VisualStudioVersion = 17.1.32228.430
MinimumVisualStudioVersion = 10.0.40219.1
Project("{FAE04EC0-301F-11D3-BF4B-00C04F79EFBC}") = "LibraryAPI", "LibraryAPI\LibraryAPI.csproj", "{681069E7-78DD-4EDC-9E1B-8E4EC54BCD9C}"
EndProject
Global
	GlobalSection(SolutionConfigurationPlatforms) = preSolution
		Debug|Any CPU = Debug|Any CPU
		Release|Any CPU = Release|Any CPU
	EndGlobalSection
	GlobalSection(ProjectConfigurationPlatforms) = postSolution
		{681069E7-78DD-4EDC-9E1B-8E4EC54BCD9C}.Debug|Any CPU.ActiveCfg = Debug|Any CPU
		{681069E7-78DD-4EDC-9E1B-8E4EC54BCD9C}.Debug|Any CPU.Build.0 = Debug|Any CPU
		{681069E7-78DD-4EDC-9E1B-8E4EC54BCD9C}.Release|Any CPU.ActiveCfg = Release|Any CPU
		{681069E7-78DD-4EDC-9E1B-8E4EC54BCD9C}.Release|Any CPU.Build.0 = Release|Any CPU
	EndGlobalSection
	GlobalSection(SolutionProperties) = preSolution
		HideSolutionNode = FALSE
	EndGlobalSection
	GlobalSection(ExtensibilityGlobals) = postSolution
		SolutionGuid = {14FDA7B8-186D-4477-A268-6A3BEA67329E}
	EndGlobalSection
EndGlobal
